{
  "name": "ai-cli-bridge",
  "version": "1.0.0",
  "lockfileVersion": 3,
  "requires": true,
  "packages": {
    "": {
      "name": "ai-cli-bridge",
      "version": "1.0.0",
      "workspaces": [
        "packages/*"
      ]
    },
    "node_modules/@bridge/core": {
      "resolved": "packages/core",
      "link": true
    },
    "packages/core": {
      "name": "@bridge/core",
      "version": "0.1.0"
    }
  }
}
